
Microsoft Visual Studio Solution File, Format Version 12.00
# Visual Studio Version 16
VisualStudioVersion = 16.0.31229.75
MinimumVisualStudioVersion = 10.0.40219.1
Project("{E24C65DC-7377-472B-9ABA-BC803B73C61A}") = "Mockup_Images", "Mockup_Images\", "{8917BCC7-42F1-4B31-85EE-A1F328D78318}"
	ProjectSection(WebsiteProperties) = preProject
		TargetFrameworkMoniker = ".NETFramework,Version%3Dv4.7.2"
		Debug.AspNetCompiler.VirtualPath = "/localhost_49681"
		Debug.AspNetCompiler.PhysicalPath = "Mockup_Images\"
		Debug.AspNetCompiler.TargetPath = "PrecompiledWeb\localhost_49681\"
		Debug.AspNetCompiler.Updateable = "true"
		Debug.AspNetCompiler.ForceOverwrite = "true"
		Debug.AspNetCompiler.FixedNames = "false"
		Debug.AspNetCompiler.Debug = "True"
		Release.AspNetCompiler.VirtualPath = "/localhost_49681"
		Release.AspNetCompiler.PhysicalPath = "Mockup_Images\"
		Release.AspNetCompiler.TargetPath = "PrecompiledWeb\localhost_49681\"
		Release.AspNetCompiler.Updateable = "true"
		Release.AspNetCompiler.ForceOverwrite = "true"
		Release.AspNetCompiler.FixedNames = "false"
		Release.AspNetCompiler.Debug = "False"
		VWDPort = "49681"
		SlnRelativePath = "Mockup_Images\"
		DefaultWebSiteLanguage = "Visual C#"
	EndProjectSection
EndProject
Global
	GlobalSection(SolutionConfigurationPlatforms) = preSolution
		Debug|Any CPU = Debug|Any CPU
	EndGlobalSection
	GlobalSection(ProjectConfigurationPlatforms) = postSolution
		{8917BCC7-42F1-4B31-85EE-A1F328D78318}.Debug|Any CPU.ActiveCfg = Debug|Any CPU
		{8917BCC7-42F1-4B31-85EE-A1F328D78318}.Debug|Any CPU.Build.0 = Debug|Any CPU
	EndGlobalSection
	GlobalSection(SolutionProperties) = preSolution
		HideSolutionNode = FALSE
	EndGlobalSection
	GlobalSection(ExtensibilityGlobals) = postSolution
		SolutionGuid = {7B2C8141-B87C-4791-99C4-B291C0874F24}
	EndGlobalSection
EndGlobal
